
Microsoft Visual Studio Solution File, Format Version 12.00
# Visual Studio Version 17
VisualStudioVersion = 17.3.32929.385
MinimumVisualStudioVersion = 10.0.40219.1
Project("{FAE04EC0-301F-11D3-BF4B-00C04F79EFBC}") = "nnemoi", "nnemoi\nnemoi.csproj", "{E7518F5E-152A-4723-B145-6D6366AEBD3A}"
EndProject
Global
	GlobalSection(SolutionConfigurationPlatforms) = preSolution
		Debug|Any CPU = Debug|Any CPU
		Release|Any CPU = Release|Any CPU
	EndGlobalSection
	GlobalSection(ProjectConfigurationPlatforms) = postSolution
		{E7518F5E-152A-4723-B145-6D6366AEBD3A}.Debug|Any CPU.ActiveCfg = Debug|Any CPU
		{E7518F5E-152A-4723-B145-6D6366AEBD3A}.Debug|Any CPU.Build.0 = Debug|Any CPU
		{E7518F5E-152A-4723-B145-6D6366AEBD3A}.Release|Any CPU.ActiveCfg = Release|Any CPU
		{E7518F5E-152A-4723-B145-6D6366AEBD3A}.Release|Any CPU.Build.0 = Release|Any CPU
	EndGlobalSection
	GlobalSection(SolutionProperties) = preSolution
		HideSolutionNode = FALSE
	EndGlobalSection
	GlobalSection(ExtensibilityGlobals) = postSolution
		SolutionGuid = {CBA50BB9-6599-4516-B0BD-E7AE1CB1BD74}
	EndGlobalSection
EndGlobal
